
Microsoft Visual Studio Solution File, Format Version 12.00
# Visual Studio Version 17
VisualStudioVersion = 17.3.32929.385
MinimumVisualStudioVersion = 10.0.40219.1
Project("{FAE04EC0-301F-11D3-BF4B-00C04F79EFBC}") = "Employees", "Employees\Employees.csproj", "{8E634076-715A-4903-BDF2-577C6F81732D}"
EndProject
Global
	GlobalSection(SolutionConfigurationPlatforms) = preSolution
		Debug|Any CPU = Debug|Any CPU
		Release|Any CPU = Release|Any CPU
	EndGlobalSection
	GlobalSection(ProjectConfigurationPlatforms) = postSolution
		{8E634076-715A-4903-BDF2-577C6F81732D}.Debug|Any CPU.ActiveCfg = Debug|Any CPU
		{8E634076-715A-4903-BDF2-577C6F81732D}.Debug|Any CPU.Build.0 = Debug|Any CPU
		{8E634076-715A-4903-BDF2-577C6F81732D}.Release|Any CPU.ActiveCfg = Release|Any CPU
		{8E634076-715A-4903-BDF2-577C6F81732D}.Release|Any CPU.Build.0 = Release|Any CPU
	EndGlobalSection
	GlobalSection(SolutionProperties) = preSolution
		HideSolutionNode = FALSE
	EndGlobalSection
	GlobalSection(ExtensibilityGlobals) = postSolution
		SolutionGuid = {6A215490-A6EF-4B7F-83C5-38464C1662F8}
	EndGlobalSection
EndGlobal
